
Microsoft Visual Studio Solution File, Format Version 12.00
# Visual Studio Version 17
VisualStudioVersion = 17.3.32929.385
MinimumVisualStudioVersion = 10.0.40219.1
Project("{8BC9CEB8-8B4A-11D0-8D11-00A0C91BC942}") = "MinesweeperProject", "MinesweeperProject\MinesweeperProject.vcxproj", "{CA4C8C0E-5499-416F-AC8F-C53C2D65A35B}"
EndProject
Global
	GlobalSection(SolutionConfigurationPlatforms) = preSolution
		Debug|x64 = Debug|x64
		Debug|x86 = Debug|x86
		Release|x64 = Release|x64
		Release|x86 = Release|x86
	EndGlobalSection
	GlobalSection(ProjectConfigurationPlatforms) = postSolution
		{CA4C8C0E-5499-416F-AC8F-C53C2D65A35B}.Debug|x86.ActiveCfg = Debug|Win32
		{CA4C8C0E-5499-416F-AC8F-C53C2D65A35B}.Debug|x86.Build.0 = Debug|Win32
		{CA4C8C0E-5499-416F-AC8F-C53C2D65A35B}.Release|x64.ActiveCfg = Release|x64
		{CA4C8C0E-5499-416F-AC8F-C53C2D65A35B}.Release|x64.Build.0 = Release|x64
		{CA4C8C0E-5499-416F-AC8F-C53C2D65A35B}.Release|x86.ActiveCfg = Release|Win32
		{CA4C8C0E-5499-416F-AC8F-C53C2D65A35B}.Release|x86.Build.0 = Release|Win32
		{CA4C8C0E-5499-416F-AC8F-C53C2D65A35B}.Debug|x64.ActiveCfg = Release|Win32
		{CA4C8C0E-5499-416F-AC8F-C53C2D65A35B}.Debug|x64.Build.0 = Release|Win32
	EndGlobalSection
	GlobalSection(SolutionProperties) = preSolution
		HideSolutionNode = FALSE
	EndGlobalSection
	GlobalSection(ExtensibilityGlobals) = postSolution
		SolutionGuid = {AC6F04A8-17B9-4CFF-A26C-61DB2895148C}
	EndGlobalSection
EndGlobal
